{
  "name": "telegram-clone",
  "lockfileVersion": 3,
  "requires": true,
  "packages": {
    "": {
      "dependencies": {
        "@lexical/react": "^0.21.0",
        "lexical": "^0.21.0"
      }
    },
    "node_modules/@babel/runtime": {
      "version": "7.26.0",
      "resolved": "https://registry.npmjs.org/@babel/runtime/-/runtime-7.26.0.tgz",
      "integrity": "sha512-FDSOghenHTiToteC/QRlv2q3DhPZ/oOXTBoirfWNx1Cx3TMVcGWQtMMmQcSvb/JjpNeGzx8Pq/b4fKEJuWm1sw==",
      "license": "MIT",
      "dependencies": {
        "regenerator-runtime": "^0.14.0"
      },
      "engines": {
        "node": ">=6.9.0"
      }
    },
    "node_modules/@lexical/clipboard": {
      "version": "0.21.0",
      "resolved": "https://registry.npmjs.org/@lexical/clipboard/-/clipboard-0.21.0.tgz",
      "integrity": "sha512-3lNMlMeUob9fcnRXGVieV/lmPbmet/SVWckNTOwzfKrZ/YW5HiiyJrWviLRVf50dGXTbmBGt7K/2pfPYvWCHFA==",
      "license": "MIT",
      "dependencies": {
        "@lexical/html": "0.21.0",
        "@lexical/list": "0.21.0",
        "@lexical/selection": "0.21.0",
        "@lexical/utils": "0.21.0",
        "lexical": "0.21.0"
      }
    },
    "node_modules/@lexical/code": {
      "version": "0.21.0",
      "resolved": "https://registry.npmjs.org/@lexical/code/-/code-0.21.0.tgz",
      "integrity": "sha512-E0DNSFu4I+LMn3ft+UT0Dbntc8ZKjIA0BJj6BDewm0qh3bir40YUf5DkI2lpiFNRF2OpcmmcIxakREeU6avqTA==",
      "license": "MIT",
      "dependencies": {
        "@lexical/utils": "0.21.0",
        "lexical": "0.21.0",
        "prismjs": "^1.27.0"
      }
    },
    "node_modules/@lexical/devtools-core": {
      "version": "0.21.0",
      "resolved": "https://registry.npmjs.org/@lexical/devtools-core/-/devtools-core-0.21.0.tgz",
      "integrity": "sha512-csK41CmRLZbKNV5pT4fUn5RzdPjU5PoWR8EqaS9kiyayhDg2zEnuPtvUYWanLfCLH9A2oOfbEsGxjMctAySlJw==",
      "license": "MIT",
      "dependencies": {
        "@lexical/html": "0.21.0",
        "@lexical/link": "0.21.0",
        "@lexical/mark": "0.21.0",
        "@lexical/table": "0.21.0",
        "@lexical/utils": "0.21.0",
        "lexical": "0.21.0"
      },
      "peerDependencies": {
        "react": ">=17.x",
        "react-dom": ">=17.x"
      }
    },
    "node_modules/@lexical/dragon": {
      "version": "0.21.0",
      "resolved": "https://registry.npmjs.org/@lexical/dragon/-/dragon-0.21.0.tgz",
      "integrity": "sha512-ahTCaOtRFNauEzplN1qVuPjyGAlDd+XcVM5FQCdxVh/1DvqmBxEJRVuCBqatzUUVb89jRBekYUcEdnY9iNjvEQ==",
      "license": "MIT",
      "dependencies": {
        "lexical": "0.21.0"
      }
    },
    "node_modules/@lexical/hashtag": {
      "version": "0.21.0",
      "resolved": "https://registry.npmjs.org/@lexical/hashtag/-/hashtag-0.21.0.tgz",
      "integrity": "sha512-O4dxcZNq1Xm45HLoRifbGAYvQkg3qLoBc6ibmHnDqZL5mQDsufnH6QEKWfgDtrvp9++3iqsSC+TE7VzWIvA7ww==",
      "license": "MIT",
      "dependencies": {
        "@lexical/utils": "0.21.0",
        "lexical": "0.21.0"
      }
    },
    "node_modules/@lexical/history": {
      "version": "0.21.0",
      "resolved": "https://registry.npmjs.org/@lexical/history/-/history-0.21.0.tgz",
      "integrity": "sha512-Sv2sici2NnAfHYHYRSjjS139MDT8fHP6PlYM2hVr+17dOg7/fJl22VBLRgQ7/+jLtAPxQjID69jvaMlOvt4Oog==",
      "license": "MIT",
      "dependencies": {
        "@lexical/utils": "0.21.0",
        "lexical": "0.21.0"
      }
    },
    "node_modules/@lexical/html": {
      "version": "0.21.0",
      "resolved": "https://registry.npmjs.org/@lexical/html/-/html-0.21.0.tgz",
      "integrity": "sha512-UGahVsGz8OD7Ya39qwquE+JPStTxCw/uaQrnUNorCM7owtPidO2H+tsilAB3A1GK3ksFGdHeEjBjG0Gf7gOg+Q==",
      "license": "MIT",
      "dependencies": {
        "@lexical/selection": "0.21.0",
        "@lexical/utils": "0.21.0",
        "lexical": "0.21.0"
      }
    },
    "node_modules/@lexical/link": {
      "version": "0.21.0",
      "resolved": "https://registry.npmjs.org/@lexical/link/-/link-0.21.0.tgz",
      "integrity": "sha512-/coktIyRXg8rXz/7uxXsSEfSQYxPIx8CmignAXWYhcyYtCWA0fD2mhEhWwVvHH9ofNzvidclRPYKUnrmUm3z3Q==",
      "license": "MIT",
      "dependencies": {
        "@lexical/utils": "0.21.0",
        "lexical": "0.21.0"
      }
    },
    "node_modules/@lexical/list": {
      "version": "0.21.0",
      "resolved": "https://registry.npmjs.org/@lexical/list/-/list-0.21.0.tgz",
      "integrity": "sha512-WItGlwwNJCS8b6SO1QPKzArShmD+OXQkLbhBcAh+EfpnkvmCW5T5LqY+OfIRmEN1dhDOnwqCY7mXkivWO8o5tw==",
      "license": "MIT",
      "dependencies": {
        "@lexical/utils": "0.21.0",
        "lexical": "0.21.0"
      }
    },
    "node_modules/@lexical/mark": {
      "version": "0.21.0",
      "resolved": "https://registry.npmjs.org/@lexical/mark/-/mark-0.21.0.tgz",
      "integrity": "sha512-2x/LoHDYPOkZbKHz4qLFWsPywjRv9KggTOtmRazmaNRUG0FpkImJwUbbaKjWQXeESVGpzfL3qNFSAmCWthsc4g==",
      "license": "MIT",
      "dependencies": {
        "@lexical/utils": "0.21.0",
        "lexical": "0.21.0"
      }
    },
    "node_modules/@lexical/markdown": {
      "version": "0.21.0",
      "resolved": "https://registry.npmjs.org/@lexical/markdown/-/markdown-0.21.0.tgz",
      "integrity": "sha512-XCQCyW5ujK0xR6evV8sF0hv/MRUA//kIrB2JiyF12tLQyjLRNEXO+0IKastWnMKSaDdJMKjzgd+4PiummYs7uA==",
      "license": "MIT",
      "dependencies": {
        "@lexical/code": "0.21.0",
        "@lexical/link": "0.21.0",
        "@lexical/list": "0.21.0",
        "@lexical/rich-text": "0.21.0",
        "@lexical/text": "0.21.0",
        "@lexical/utils": "0.21.0",
        "lexical": "0.21.0"
      }
    },
    "node_modules/@lexical/offset": {
      "version": "0.21.0",
      "resolved": "https://registry.npmjs.org/@lexical/offset/-/offset-0.21.0.tgz",
      "integrity": "sha512-UR0wHg+XXbq++6aeUPdU0K41xhUDBYzX+AeiqU9bZ7yoOq4grvKD8KBr5tARCSYTy0yvQnL1ddSO12TrP/98Lg==",
      "license": "MIT",
      "dependencies": {
        "lexical": "0.21.0"
      }
    },
    "node_modules/@lexical/overflow": {
      "version": "0.21.0",
      "resolved": "https://registry.npmjs.org/@lexical/overflow/-/overflow-0.21.0.tgz",
      "integrity": "sha512-93P+d1mbvaJvZF8KK2pG22GuS2pHLtyC7N3GBfkbyAIb7TL/rYs47iR+eADJ4iNY680lylJ4Sl/AEnWvlY7hAg==",
      "license": "MIT",
      "dependencies": {
        "lexical": "0.21.0"
      }
    },
    "node_modules/@lexical/plain-text": {
      "version": "0.21.0",
      "resolved": "https://registry.npmjs.org/@lexical/plain-text/-/plain-text-0.21.0.tgz",
      "integrity": "sha512-r4CsAknBD7qGYSE5fPdjpJ6EjfvzHbDtuCeKciL9muiswQhw4HeJrT1qb/QUIY+072uvXTgCgmjUmkbYnxKyPA==",
      "license": "MIT",
      "dependencies": {
        "@lexical/clipboard": "0.21.0",
        "@lexical/selection": "0.21.0",
        "@lexical/utils": "0.21.0",
        "lexical": "0.21.0"
      }
    },
    "node_modules/@lexical/react": {
      "version": "0.21.0",
      "resolved": "https://registry.npmjs.org/@lexical/react/-/react-0.21.0.tgz",
      "integrity": "sha512-tKwx8EoNkBBKOZf8c10QfyDImH87+XUI1QDL8KXt+Lb8E4ho7g1jAjoEirNEn9gMBj33K4l2qVdbe3XmPAdpMQ==",
      "license": "MIT",
      "dependencies": {
        "@lexical/clipboard": "0.21.0",
        "@lexical/code": "0.21.0",
        "@lexical/devtools-core": "0.21.0",
        "@lexical/dragon": "0.21.0",
        "@lexical/hashtag": "0.21.0",
        "@lexical/history": "0.21.0",
        "@lexical/link": "0.21.0",
        "@lexical/list": "0.21.0",
        "@lexical/mark": "0.21.0",
        "@lexical/markdown": "0.21.0",
        "@lexical/overflow": "0.21.0",
        "@lexical/plain-text": "0.21.0",
        "@lexical/rich-text": "0.21.0",
        "@lexical/selection": "0.21.0",
        "@lexical/table": "0.21.0",
        "@lexical/text": "0.21.0",
        "@lexical/utils": "0.21.0",
        "@lexical/yjs": "0.21.0",
        "lexical": "0.21.0",
        "react-error-boundary": "^3.1.4"
      },
      "peerDependencies": {
        "react": ">=17.x",
        "react-dom": ">=17.x"
      }
    },
    "node_modules/@lexical/rich-text": {
      "version": "0.21.0",
      "resolved": "https://registry.npmjs.org/@lexical/rich-text/-/rich-text-0.21.0.tgz",
      "integrity": "sha512-+pvEKUneEkGfWOSTl9jU58N9knePilMLxxOtppCAcgnaCdilOh3n5YyRppXhvmprUe0JaTseCMoik2LP51G/JA==",
      "license": "MIT",
      "dependencies": {
        "@lexical/clipboard": "0.21.0",
        "@lexical/selection": "0.21.0",
        "@lexical/utils": "0.21.0",
        "lexical": "0.21.0"
      }
    },
    "node_modules/@lexical/selection": {
      "version": "0.21.0",
      "resolved": "https://registry.npmjs.org/@lexical/selection/-/selection-0.21.0.tgz",
      "integrity": "sha512-4u53bc8zlPPF0rnHjsGQExQ1St8NafsDd70/t1FMw7yvoMtUsKdH7+ap00esLkJOMv45unJD7UOzKRqU1X0sEA==",
      "license": "MIT",
      "dependencies": {
        "lexical": "0.21.0"
      }
    },
    "node_modules/@lexical/table": {
      "version": "0.21.0",
      "resolved": "https://registry.npmjs.org/@lexical/table/-/table-0.21.0.tgz",
      "integrity": "sha512-JhylAWcf4qKD4FmxMUt3YzH5zg2+baBr4+/haLZL7178hMvUzJwGIiWk+3hD3phzmW3WrP49uFXzM7DMSCkE8w==",
      "license": "MIT",
      "dependencies": {
        "@lexical/clipboard": "0.21.0",
        "@lexical/utils": "0.21.0",
        "lexical": "0.21.0"
      }
    },
    "node_modules/@lexical/text": {
      "version": "0.21.0",
      "resolved": "https://registry.npmjs.org/@lexical/text/-/text-0.21.0.tgz",
      "integrity": "sha512-ceB4fhYejCoR8ID4uIs0sO/VyQoayRjrRWTIEMvOcQtwUkcyciKRhY0A7f2wVeq/MFStd+ajLLjy4WKYK5zUnA==",
      "license": "MIT",
      "dependencies": {
        "lexical": "0.21.0"
      }
    },
    "node_modules/@lexical/utils": {
      "version": "0.21.0",
      "resolved": "https://registry.npmjs.org/@lexical/utils/-/utils-0.21.0.tgz",
      "integrity": "sha512-YzsNOAiLkCy6R3DuP18gtseDrzgx+30lFyqRvp5M7mckeYgQElwdfG5biNFDLv7BM9GjSzgU5Cunjycsx6Sjqg==",
      "license": "MIT",
      "dependencies": {
        "@lexical/list": "0.21.0",
        "@lexical/selection": "0.21.0",
        "@lexical/table": "0.21.0",
        "lexical": "0.21.0"
      }
    },
    "node_modules/@lexical/yjs": {
      "version": "0.21.0",
      "resolved": "https://registry.npmjs.org/@lexical/yjs/-/yjs-0.21.0.tgz",
      "integrity": "sha512-AtPhC3pJ92CHz3dWoniSky7+MSK2WSd0xijc76I2qbTeXyeuFfYyhR6gWMg4knuY9Wz3vo9/+dXGdbQIPD8efw==",
      "license": "MIT",
      "dependencies": {
        "@lexical/offset": "0.21.0",
        "@lexical/selection": "0.21.0",
        "lexical": "0.21.0"
      },
      "peerDependencies": {
        "yjs": ">=13.5.22"
      }
    },
    "node_modules/isomorphic.js": {
      "version": "0.2.5",
      "resolved": "https://registry.npmjs.org/isomorphic.js/-/isomorphic.js-0.2.5.tgz",
      "integrity": "sha512-PIeMbHqMt4DnUP3MA/Flc0HElYjMXArsw1qwJZcm9sqR8mq3l8NYizFMty0pWwE/tzIGH3EKK5+jes5mAr85yw==",
      "license": "MIT",
      "peer": true,
      "funding": {
        "type": "GitHub Sponsors ❤",
        "url": "https://github.com/sponsors/dmonad"
      }
    },
    "node_modules/js-tokens": {
      "version": "4.0.0",
      "resolved": "https://registry.npmjs.org/js-tokens/-/js-tokens-4.0.0.tgz",
      "integrity": "sha512-RdJUflcE3cUzKiMqQgsCu06FPu9UdIJO0beYbPhHN4k6apgJtifcoCtT9bcxOpYBtpD2kCM6Sbzg4CausW/PKQ==",
      "license": "MIT",
      "peer": true
    },
    "node_modules/lexical": {
      "version": "0.21.0",
      "resolved": "https://registry.npmjs.org/lexical/-/lexical-0.21.0.tgz",
      "integrity": "sha512-Dxc5SCG4kB+wF+Rh55ism3SuecOKeOtCtGHFGKd6pj2QKVojtjkxGTQPMt7//2z5rMSue4R+hmRM0pCEZflupA==",
      "license": "MIT"
    },
    "node_modules/lib0": {
      "version": "0.2.98",
      "resolved": "https://registry.npmjs.org/lib0/-/lib0-0.2.98.tgz",
      "integrity": "sha512-XteTiNO0qEXqqweWx+b21p/fBnNHUA1NwAtJNJek1oPrewEZs2uiT4gWivHKr9GqCjDPAhchz0UQO8NwU3bBNA==",
      "license": "MIT",
      "peer": true,
      "dependencies": {
        "isomorphic.js": "^0.2.4"
      },
      "bin": {
        "0ecdsa-generate-keypair": "bin/0ecdsa-generate-keypair.js",
        "0gentesthtml": "bin/gentesthtml.js",
        "0serve": "bin/0serve.js"
      },
      "engines": {
        "node": ">=16"
      },
      "funding": {
        "type": "GitHub Sponsors ❤",
        "url": "https://github.com/sponsors/dmonad"
      }
    },
    "node_modules/loose-envify": {
      "version": "1.4.0",
      "resolved": "https://registry.npmjs.org/loose-envify/-/loose-envify-1.4.0.tgz",
      "integrity": "sha512-lyuxPGr/Wfhrlem2CL/UcnUc1zcqKAImBDzukY7Y5F/yQiNdko6+fRLevlw1HgMySw7f611UIY408EtxRSoK3Q==",
      "license": "MIT",
      "peer": true,
      "dependencies": {
        "js-tokens": "^3.0.0 || ^4.0.0"
      },
      "bin": {
        "loose-envify": "cli.js"
      }
    },
    "node_modules/prismjs": {
      "version": "1.29.0",
      "resolved": "https://registry.npmjs.org/prismjs/-/prismjs-1.29.0.tgz",
      "integrity": "sha512-Kx/1w86q/epKcmte75LNrEoT+lX8pBpavuAbvJWRXar7Hz8jrtF+e3vY751p0R8H9HdArwaCTNDDzHg/ScJK1Q==",
      "license": "MIT",
      "engines": {
        "node": ">=6"
      }
    },
    "node_modules/react": {
      "version": "18.3.1",
      "resolved": "https://registry.npmjs.org/react/-/react-18.3.1.tgz",
      "integrity": "sha512-wS+hAgJShR0KhEvPJArfuPVN1+Hz1t0Y6n5jLrGQbkb4urgPE/0Rve+1kMB1v/oWgHgm4WIcV+i7F2pTVj+2iQ==",
      "license": "MIT",
      "peer": true,
      "dependencies": {
        "loose-envify": "^1.1.0"
      },
      "engines": {
        "node": ">=0.10.0"
      }
    },
    "node_modules/react-dom": {
      "version": "18.3.1",
      "resolved": "https://registry.npmjs.org/react-dom/-/react-dom-18.3.1.tgz",
      "integrity": "sha512-5m4nQKp+rZRb09LNH59GM4BxTh9251/ylbKIbpe7TpGxfJ+9kv6BLkLBXIjjspbgbnIBNqlI23tRnTWT0snUIw==",
      "license": "MIT",
      "peer": true,
      "dependencies": {
        "loose-envify": "^1.1.0",
        "scheduler": "^0.23.2"
      },
      "peerDependencies": {
        "react": "^18.3.1"
      }
    },
    "node_modules/react-error-boundary": {
      "version": "3.1.4",
      "resolved": "https://registry.npmjs.org/react-error-boundary/-/react-error-boundary-3.1.4.tgz",
      "integrity": "sha512-uM9uPzZJTF6wRQORmSrvOIgt4lJ9MC1sNgEOj2XGsDTRE4kmpWxg7ENK9EWNKJRMAOY9z0MuF4yIfl6gp4sotA==",
      "license": "MIT",
      "dependencies": {
        "@babel/runtime": "^7.12.5"
      },
      "engines": {
        "node": ">=10",
        "npm": ">=6"
      },
      "peerDependencies": {
        "react": ">=16.13.1"
      }
    },
    "node_modules/regenerator-runtime": {
      "version": "0.14.1",
      "resolved": "https://registry.npmjs.org/regenerator-runtime/-/regenerator-runtime-0.14.1.tgz",
      "integrity": "sha512-dYnhHh0nJoMfnkZs6GmmhFknAGRrLznOu5nc9ML+EJxGvrx6H7teuevqVqCuPcPK//3eDrrjQhehXVx9cnkGdw==",
      "license": "MIT"
    },
    "node_modules/scheduler": {
      "version": "0.23.2",
      "resolved": "https://registry.npmjs.org/scheduler/-/scheduler-0.23.2.tgz",
      "integrity": "sha512-UOShsPwz7NrMUqhR6t0hWjFduvOzbtv7toDH1/hIrfRNIDBnnBWd0CwJTGvTpngVlmwGCdP9/Zl/tVrDqcuYzQ==",
      "license": "MIT",
      "peer": true,
      "dependencies": {
        "loose-envify": "^1.1.0"
      }
    },
    "node_modules/yjs": {
      "version": "13.6.20",
      "resolved": "https://registry.npmjs.org/yjs/-/yjs-13.6.20.tgz",
      "integrity": "sha512-Z2YZI+SYqK7XdWlloI3lhMiKnCdFCVC4PchpdO+mCYwtiTwncjUbnRK9R1JmkNfdmHyDXuWN3ibJAt0wsqTbLQ==",
      "license": "MIT",
      "peer": true,
      "dependencies": {
        "lib0": "^0.2.98"
      },
      "engines": {
        "node": ">=16.0.0",
        "npm": ">=8.0.0"
      },
      "funding": {
        "type": "GitHub Sponsors ❤",
        "url": "https://github.com/sponsors/dmonad"
      }
    }
  }
}
